// !$*UTF8*$!
{
	archiveVersion = 1;
	classes = {
	};
	objectVersion = 56;
	objects = {

/* Begin PBXBuildFile section */
		211BF99528EC98B6004DE90E /* TableViewHucre.swift in Sources */ = {isa = PBXBuildFile; fileRef = 211BF99428EC98B6004DE90E /* TableViewHucre.swift */; };
		2148D81028EA13370014A680 /* AppDelegate.swift in Sources */ = {isa = PBXBuildFile; fileRef = 2148D80F28EA13370014A680 /* AppDelegate.swift */; };
		2148D81228EA13370014A680 /* SceneDelegate.swift in Sources */ = {isa = PBXBuildFile; fileRef = 2148D81128EA13370014A680 /* SceneDelegate.swift */; };
		2148D81428EA13370014A680 /* AnasayfaVC.swift in Sources */ = {isa = PBXBuildFile; fileRef = 2148D81328EA13370014A680 /* AnasayfaVC.swift */; };
		2148D81728EA13370014A680 /* Main.storyboard in Resources */ = {isa = PBXBuildFile; fileRef = 2148D81528EA13370014A680 /* Main.storyboard */; };
		2148D81928EA13380014A680 /* Assets.xcassets in Resources */ = {isa = PBXBuildFile; fileRef = 2148D81828EA13380014A680 /* Assets.xcassets */; };
		2148D81C28EA13380014A680 /* LaunchScreen.storyboard in Resources */ = {isa = PBXBuildFile; fileRef = 2148D81A28EA13380014A680 /* LaunchScreen.storyboard */; };
		2148D82428EA15000014A680 /* KisiKayitVC.swift in Sources */ = {isa = PBXBuildFile; fileRef = 2148D82328EA15000014A680 /* KisiKayitVC.swift */; };
		2148D82628EA15210014A680 /* KisiDetayVC.swift in Sources */ = {isa = PBXBuildFile; fileRef = 2148D82528EA15210014A680 /* KisiDetayVC.swift */; };
		2148D82828EA1E740014A680 /* Kisiler.swift in Sources */ = {isa = PBXBuildFile; fileRef = 2148D82728EA1E740014A680 /* Kisiler.swift */; };
		21B2461128F332D90087D26F /* AnasayfaPresenter.swift in Sources */ = {isa = PBXBuildFile; fileRef = 21B2461028F332D90087D26F /* AnasayfaPresenter.swift */; };
		21B2461328F332FB0087D26F /* AnasayfaInteractor.swift in Sources */ = {isa = PBXBuildFile; fileRef = 21B2461228F332FB0087D26F /* AnasayfaInteractor.swift */; };
		21B2461528F333130087D26F /* AnasayfaRouter.swift in Sources */ = {isa = PBXBuildFile; fileRef = 21B2461428F333130087D26F /* AnasayfaRouter.swift */; };
		21B2461728F333380087D26F /* AnasayfaProtocols.swift in Sources */ = {isa = PBXBuildFile; fileRef = 21B2461628F333380087D26F /* AnasayfaProtocols.swift */; };
		21B2462028F336A50087D26F /* KisiKayitPresenter.swift in Sources */ = {isa = PBXBuildFile; fileRef = 21B2461F28F336A50087D26F /* KisiKayitPresenter.swift */; };
		21B2462228F336B50087D26F /* KisiKayitInteractor.swift in Sources */ = {isa = PBXBuildFile; fileRef = 21B2462128F336B50087D26F /* KisiKayitInteractor.swift */; };
		21B2462528F336DD0087D26F /* KisiKayitRouter.swift in Sources */ = {isa = PBXBuildFile; fileRef = 21B2462428F336DD0087D26F /* KisiKayitRouter.swift */; };
		21B2462728F336F00087D26F /* KisiKayitProtocols.swift in Sources */ = {isa = PBXBuildFile; fileRef = 21B2462628F336F00087D26F /* KisiKayitProtocols.swift */; };
		21B2462F28F337640087D26F /* KisiDetayPresenter.swift in Sources */ = {isa = PBXBuildFile; fileRef = 21B2462E28F337640087D26F /* KisiDetayPresenter.swift */; };
		21B2463128F337730087D26F /* KisiDetayInteractor.swift in Sources */ = {isa = PBXBuildFile; fileRef = 21B2463028F337730087D26F /* KisiDetayInteractor.swift */; };
		21B2463328F3378A0087D26F /* KisiDetayRouter.swift in Sources */ = {isa = PBXBuildFile; fileRef = 21B2463228F3378A0087D26F /* KisiDetayRouter.swift */; };
		21B2463528F337990087D26F /* KisiDetayProtocols.swift in Sources */ = {isa = PBXBuildFile; fileRef = 21B2463428F337990087D26F /* KisiDetayProtocols.swift */; };
		21B2466428F359F10087D26F /* FMDatabaseAdditions.m in Sources */ = {isa = PBXBuildFile; fileRef = 21B2465B28F359F00087D26F /* FMDatabaseAdditions.m */; };
		21B2466528F359F10087D26F /* FMDatabase.m in Sources */ = {isa = PBXBuildFile; fileRef = 21B2465C28F359F00087D26F /* FMDatabase.m */; };
		21B2466628F359F10087D26F /* FMDatabaseQueue.m in Sources */ = {isa = PBXBuildFile; fileRef = 21B2465E28F359F00087D26F /* FMDatabaseQueue.m */; };
		21B2466728F359F10087D26F /* FMDatabasePool.m in Sources */ = {isa = PBXBuildFile; fileRef = 21B2466028F359F10087D26F /* FMDatabasePool.m */; };
		21B2466828F359F10087D26F /* FMResultSet.m in Sources */ = {isa = PBXBuildFile; fileRef = 21B2466328F359F10087D26F /* FMResultSet.m */; };
		21B2466A28F35A530087D26F /* rehber.sqlite in Resources */ = {isa = PBXBuildFile; fileRef = 21B2466928F35A530087D26F /* rehber.sqlite */; };
/* End PBXBuildFile section */

/* Begin PBXFileReference section */
		211BF99428EC98B6004DE90E /* TableViewHucre.swift */ = {isa = PBXFileReference; lastKnownFileType = sourcecode.swift; path = TableViewHucre.swift; sourceTree = "<group>"; };
		2148D80C28EA13370014A680 /* KisilerUygulamasi.app */ = {isa = PBXFileReference; explicitFileType = wrapper.application; includeInIndex = 0; path = KisilerUygulamasi.app; sourceTree = BUILT_PRODUCTS_DIR; };
		2148D80F28EA13370014A680 /* AppDelegate.swift */ = {isa = PBXFileReference; lastKnownFileType = sourcecode.swift; path = AppDelegate.swift; sourceTree = "<group>"; };
		2148D81128EA13370014A680 /* SceneDelegate.swift */ = {isa = PBXFileReference; lastKnownFileType = sourcecode.swift; path = SceneDelegate.swift; sourceTree = "<group>"; };
		2148D81328EA13370014A680 /* AnasayfaVC.swift */ = {isa = PBXFileReference; lastKnownFileType = sourcecode.swift; path = AnasayfaVC.swift; sourceTree = "<group>"; };
		2148D81628EA13370014A680 /* Base */ = {isa = PBXFileReference; lastKnownFileType = file.storyboard; name = Base; path = Base.lproj/Main.storyboard; sourceTree = "<group>"; };
		2148D81828EA13380014A680 /* Assets.xcassets */ = {isa = PBXFileReference; lastKnownFileType = folder.assetcatalog; path = Assets.xcassets; sourceTree = "<group>"; };
		2148D81B28EA13380014A680 /* Base */ = {isa = PBXFileReference; lastKnownFileType = file.storyboard; name = Base; path = Base.lproj/LaunchScreen.storyboard; sourceTree = "<group>"; };
		2148D81D28EA13380014A680 /* Info.plist */ = {isa = PBXFileReference; lastKnownFileType = text.plist.xml; path = Info.plist; sourceTree = "<group>"; };
		2148D82328EA15000014A680 /* KisiKayitVC.swift */ = {isa = PBXFileReference; lastKnownFileType = sourcecode.swift; path = KisiKayitVC.swift; sourceTree = "<group>"; };
		2148D82528EA15210014A680 /* KisiDetayVC.swift */ = {isa = PBXFileReference; lastKnownFileType = sourcecode.swift; path = KisiDetayVC.swift; sourceTree = "<group>"; };
		2148D82728EA1E740014A680 /* Kisiler.swift */ = {isa = PBXFileReference; lastKnownFileType = sourcecode.swift; path = Kisiler.swift; sourceTree = "<group>"; };
		21B2461028F332D90087D26F /* AnasayfaPresenter.swift */ = {isa = PBXFileReference; lastKnownFileType = sourcecode.swift; path = AnasayfaPresenter.swift; sourceTree = "<group>"; };
		21B2461228F332FB0087D26F /* AnasayfaInteractor.swift */ = {isa = PBXFileReference; lastKnownFileType = sourcecode.swift; path = AnasayfaInteractor.swift; sourceTree = "<group>"; };
		21B2461428F333130087D26F /* AnasayfaRouter.swift */ = {isa = PBXFileReference; lastKnownFileType = sourcecode.swift; path = AnasayfaRouter.swift; sourceTree = "<group>"; };
		21B2461628F333380087D26F /* AnasayfaProtocols.swift */ = {isa = PBXFileReference; lastKnownFileType = sourcecode.swift; path = AnasayfaProtocols.swift; sourceTree = "<group>"; };
		21B2461F28F336A50087D26F /* KisiKayitPresenter.swift */ = {isa = PBXFileReference; lastKnownFileType = sourcecode.swift; path = KisiKayitPresenter.swift; sourceTree = "<group>"; };
		21B2462128F336B50087D26F /* KisiKayitInteractor.swift */ = {isa = PBXFileReference; lastKnownFileType = sourcecode.swift; path = KisiKayitInteractor.swift; sourceTree = "<group>"; };
		21B2462428F336DD0087D26F /* KisiKayitRouter.swift */ = {isa = PBXFileReference; lastKnownFileType = sourcecode.swift; path = KisiKayitRouter.swift; sourceTree = "<group>"; };
		21B2462628F336F00087D26F /* KisiKayitProtocols.swift */ = {isa = PBXFileReference; lastKnownFileType = sourcecode.swift; path = KisiKayitProtocols.swift; sourceTree = "<group>"; };
		21B2462E28F337640087D26F /* KisiDetayPresenter.swift */ = {isa = PBXFileReference; lastKnownFileType = sourcecode.swift; path = KisiDetayPresenter.swift; sourceTree = "<group>"; };
		21B2463028F337730087D26F /* KisiDetayInteractor.swift */ = {isa = PBXFileReference; lastKnownFileType = sourcecode.swift; path = KisiDetayInteractor.swift; sourceTree = "<group>"; };
		21B2463228F3378A0087D26F /* KisiDetayRouter.swift */ = {isa = PBXFileReference; lastKnownFileType = sourcecode.swift; path = KisiDetayRouter.swift; sourceTree = "<group>"; };
		21B2463428F337990087D26F /* KisiDetayProtocols.swift */ = {isa = PBXFileReference; lastKnownFileType = sourcecode.swift; path = KisiDetayProtocols.swift; sourceTree = "<group>"; };
		21B2465728F3597F0087D26F /* libsqlite3.tbd */ = {isa = PBXFileReference; lastKnownFileType = "sourcecode.text-based-dylib-definition"; name = libsqlite3.tbd; path = usr/lib/libsqlite3.tbd; sourceTree = SDKROOT; };
		21B2465828F359F00087D26F /* KisilerUygulamasi-Bridging-Header.h */ = {isa = PBXFileReference; lastKnownFileType = sourcecode.c.h; path = "KisilerUygulamasi-Bridging-Header.h"; sourceTree = "<group>"; };
		21B2465928F359F00087D26F /* FMDatabase.h */ = {isa = PBXFileReference; fileEncoding = 4; lastKnownFileType = sourcecode.c.h; path = FMDatabase.h; sourceTree = "<group>"; };
		21B2465A28F359F00087D26F /* FMDatabaseAdditions.h */ = {isa = PBXFileReference; fileEncoding = 4; lastKnownFileType = sourcecode.c.h; path = FMDatabaseAdditions.h; sourceTree = "<group>"; };
		21B2465B28F359F00087D26F /* FMDatabaseAdditions.m */ = {isa = PBXFileReference; fileEncoding = 4; lastKnownFileType = sourcecode.c.objc; path = FMDatabaseAdditions.m; sourceTree = "<group>"; };
		21B2465C28F359F00087D26F /* FMDatabase.m */ = {isa = PBXFileReference; fileEncoding = 4; lastKnownFileType = sourcecode.c.objc; path = FMDatabase.m; sourceTree = "<group>"; };
		21B2465D28F359F00087D26F /* FMDatabaseQueue.h */ = {isa = PBXFileReference; fileEncoding = 4; lastKnownFileType = sourcecode.c.h; path = FMDatabaseQueue.h; sourceTree = "<group>"; };
		21B2465E28F359F00087D26F /* FMDatabaseQueue.m */ = {isa = PBXFileReference; fileEncoding = 4; lastKnownFileType = sourcecode.c.objc; path = FMDatabaseQueue.m; sourceTree = "<group>"; };
		21B2465F28F359F10087D26F /* FMDB.h */ = {isa = PBXFileReference; fileEncoding = 4; lastKnownFileType = sourcecode.c.h; path = FMDB.h; sourceTree = "<group>"; };
		21B2466028F359F10087D26F /* FMDatabasePool.m */ = {isa = PBXFileReference; fileEncoding = 4; lastKnownFileType = sourcecode.c.objc; path = FMDatabasePool.m; sourceTree = "<group>"; };
		21B2466128F359F10087D26F /* FMDatabasePool.h */ = {isa = PBXFileReference; fileEncoding = 4; lastKnownFileType = sourcecode.c.h; path = FMDatabasePool.h; sourceTree = "<group>"; };
		21B2466228F359F10087D26F /* FMResultSet.h */ = {isa = PBXFileReference; fileEncoding = 4; lastKnownFileType = sourcecode.c.h; path = FMResultSet.h; sourceTree = "<group>"; };
		21B2466328F359F10087D26F /* FMResultSet.m */ = {isa = PBXFileReference; fileEncoding = 4; lastKnownFileType = sourcecode.c.objc; path = FMResultSet.m; sourceTree = "<group>"; };
		21B2466928F35A530087D26F /* rehber.sqlite */ = {isa = PBXFileReference; lastKnownFileType = file; path = rehber.sqlite; sourceTree = "<group>"; };
/* End PBXFileReference section */

/* Begin PBXFrameworksBuildPhase section */
		2148D80928EA13370014A680 /* Frameworks */ = {
			isa = PBXFrameworksBuildPhase;
			buildActionMask = 2147483647;
			files = (
			);
			runOnlyForDeploymentPostprocessing = 0;
		};
/* End PBXFrameworksBuildPhase section */

/* Begin PBXGroup section */
		2148D80328EA13370014A680 = {
			isa = PBXGroup;
			children = (
				2148D80E28EA13370014A680 /* KisilerUygulamasi */,
				2148D80D28EA13370014A680 /* Products */,
				21B2465628F3597F0087D26F /* Frameworks */,
			);
			sourceTree = "<group>";
		};
		2148D80D28EA13370014A680 /* Products */ = {
			isa = PBXGroup;
			children = (
				2148D80C28EA13370014A680 /* KisilerUygulamasi.app */,
			);
			name = Products;
			sourceTree = "<group>";
		};
		2148D80E28EA13370014A680 /* KisilerUygulamasi */ = {
			isa = PBXGroup;
			children = (
				2148D80F28EA13370014A680 /* AppDelegate.swift */,
				2148D81128EA13370014A680 /* SceneDelegate.swift */,
				21B2462828F337270087D26F /* kisidetay-module */,
				21B2461928F3364B0087D26F /* kisikayit-module */,
				21B2461828F333640087D26F /* entity */,
				21B2460928F332590087D26F /* anasayfa-module */,
				2148D81528EA13370014A680 /* Main.storyboard */,
				2148D81828EA13380014A680 /* Assets.xcassets */,
				2148D81A28EA13380014A680 /* LaunchScreen.storyboard */,
				2148D81D28EA13380014A680 /* Info.plist */,
				21B2466928F35A530087D26F /* rehber.sqlite */,
				21B2465928F359F00087D26F /* FMDatabase.h */,
				21B2465C28F359F00087D26F /* FMDatabase.m */,
				21B2465A28F359F00087D26F /* FMDatabaseAdditions.h */,
				21B2465B28F359F00087D26F /* FMDatabaseAdditions.m */,
				21B2466128F359F10087D26F /* FMDatabasePool.h */,
				21B2466028F359F10087D26F /* FMDatabasePool.m */,
				21B2465D28F359F00087D26F /* FMDatabaseQueue.h */,
				21B2465E28F359F00087D26F /* FMDatabaseQueue.m */,
				21B2465F28F359F10087D26F /* FMDB.h */,
				21B2466228F359F10087D26F /* FMResultSet.h */,
				21B2466328F359F10087D26F /* FMResultSet.m */,
				21B2465828F359F00087D26F /* KisilerUygulamasi-Bridging-Header.h */,
			);
			path = KisilerUygulamasi;
			sourceTree = "<group>";
		};
		21B2460928F332590087D26F /* anasayfa-module */ = {
			isa = PBXGroup;
			children = (
				21B2460F28F3328D0087D26F /* tableview */,
				21B2460E28F332870087D26F /* protocols */,
				21B2460D28F332820087D26F /* router */,
				21B2460C28F332740087D26F /* interactor */,
				21B2460B28F3326D0087D26F /* presenter */,
				21B2460A28F332660087D26F /* view */,
			);
			path = "anasayfa-module";
			sourceTree = "<group>";
		};
		21B2460A28F332660087D26F /* view */ = {
			isa = PBXGroup;
			children = (
				2148D81328EA13370014A680 /* AnasayfaVC.swift */,
			);
			path = view;
			sourceTree = "<group>";
		};
		21B2460B28F3326D0087D26F /* presenter */ = {
			isa = PBXGroup;
			children = (
				21B2461028F332D90087D26F /* AnasayfaPresenter.swift */,
			);
			path = presenter;
			sourceTree = "<group>";
		};
		21B2460C28F332740087D26F /* interactor */ = {
			isa = PBXGroup;
			children = (
				21B2461228F332FB0087D26F /* AnasayfaInteractor.swift */,
			);
			path = interactor;
			sourceTree = "<group>";
		};
		21B2460D28F332820087D26F /* router */ = {
			isa = PBXGroup;
			children = (
				21B2461428F333130087D26F /* AnasayfaRouter.swift */,
			);
			path = router;
			sourceTree = "<group>";
		};
		21B2460E28F332870087D26F /* protocols */ = {
			isa = PBXGroup;
			children = (
				21B2461628F333380087D26F /* AnasayfaProtocols.swift */,
			);
			path = protocols;
			sourceTree = "<group>";
		};
		21B2460F28F3328D0087D26F /* tableview */ = {
			isa = PBXGroup;
			children = (
				211BF99428EC98B6004DE90E /* TableViewHucre.swift */,
			);
			path = tableview;
			sourceTree = "<group>";
		};
		21B2461828F333640087D26F /* entity */ = {
			isa = PBXGroup;
			children = (
				2148D82728EA1E740014A680 /* Kisiler.swift */,
			);
			path = entity;
			sourceTree = "<group>";
		};
		21B2461928F3364B0087D26F /* kisikayit-module */ = {
			isa = PBXGroup;
			children = (
				21B2461E28F336690087D26F /* protocols */,
				21B2461D28F336650087D26F /* router */,
				21B2461C28F3365F0087D26F /* interactor */,
				21B2461B28F336580087D26F /* presenter */,
				21B2461A28F336550087D26F /* view */,
			);
			path = "kisikayit-module";
			sourceTree = "<group>";
		};
		21B2461A28F336550087D26F /* view */ = {
			isa = PBXGroup;
			children = (
				2148D82328EA15000014A680 /* KisiKayitVC.swift */,
			);
			path = view;
			sourceTree = "<group>";
		};
		21B2461B28F336580087D26F /* presenter */ = {
			isa = PBXGroup;
			children = (
				21B2461F28F336A50087D26F /* KisiKayitPresenter.swift */,
			);
			path = presenter;
			sourceTree = "<group>";
		};
		21B2461C28F3365F0087D26F /* interactor */ = {
			isa = PBXGroup;
			children = (
				21B2462128F336B50087D26F /* KisiKayitInteractor.swift */,
			);
			path = interactor;
			sourceTree = "<group>";
		};
		21B2461D28F336650087D26F /* router */ = {
			isa = PBXGroup;
			children = (
				21B2462428F336DD0087D26F /* KisiKayitRouter.swift */,
			);
			path = router;
			sourceTree = "<group>";
		};
		21B2461E28F336690087D26F /* protocols */ = {
			isa = PBXGroup;
			children = (
				21B2462628F336F00087D26F /* KisiKayitProtocols.swift */,
			);
			path = protocols;
			sourceTree = "<group>";
		};
		21B2462828F337270087D26F /* kisidetay-module */ = {
			isa = PBXGroup;
			children = (
				21B2462D28F337480087D26F /* protocols */,
				21B2462C28F337450087D26F /* router */,
				21B2462B28F3373C0087D26F /* interactor */,
				21B2462A28F337380087D26F /* presenter */,
				21B2462928F3372F0087D26F /* view */,
			);
			path = "kisidetay-module";
			sourceTree = "<group>";
		};
		21B2462928F3372F0087D26F /* view */ = {
			isa = PBXGroup;
			children = (
				2148D82528EA15210014A680 /* KisiDetayVC.swift */,
			);
			path = view;
			sourceTree = "<group>";
		};
		21B2462A28F337380087D26F /* presenter */ = {
			isa = PBXGroup;
			children = (
				21B2462E28F337640087D26F /* KisiDetayPresenter.swift */,
			);
			path = presenter;
			sourceTree = "<group>";
		};
		21B2462B28F3373C0087D26F /* interactor */ = {
			isa = PBXGroup;
			children = (
				21B2463028F337730087D26F /* KisiDetayInteractor.swift */,
			);
			path = interactor;
			sourceTree = "<group>";
		};
		21B2462C28F337450087D26F /* router */ = {
			isa = PBXGroup;
			children = (
				21B2463228F3378A0087D26F /* KisiDetayRouter.swift */,
			);
			path = router;
			sourceTree = "<group>";
		};
		21B2462D28F337480087D26F /* protocols */ = {
			isa = PBXGroup;
			children = (
				21B2463428F337990087D26F /* KisiDetayProtocols.swift */,
			);
			path = protocols;
			sourceTree = "<group>";
		};
		21B2465628F3597F0087D26F /* Frameworks */ = {
			isa = PBXGroup;
			children = (
				21B2465728F3597F0087D26F /* libsqlite3.tbd */,
			);
			name = Frameworks;
			sourceTree = "<group>";
		};
/* End PBXGroup section */

/* Begin PBXNativeTarget section */
		2148D80B28EA13370014A680 /* KisilerUygulamasi */ = {
			isa = PBXNativeTarget;
			buildConfigurationList = 2148D82028EA13380014A680 /* Build configuration list for PBXNativeTarget "KisilerUygulamasi" */;
			buildPhases = (
				2148D80828EA13370014A680 /* Sources */,
				2148D80928EA13370014A680 /* Frameworks */,
				2148D80A28EA13370014A680 /* Resources */,
			);
			buildRules = (
			);
			dependencies = (
			);
			name = KisilerUygulamasi;
			productName = KisilerUygulamasi;
			productReference = 2148D80C28EA13370014A680 /* KisilerUygulamasi.app */;
			productType = "com.apple.product-type.application";
		};
/* End PBXNativeTarget section */

/* Begin PBXProject section */
		2148D80428EA13370014A680 /* Project object */ = {
			isa = PBXProject;
			attributes = {
				BuildIndependentTargetsInParallel = 1;
				LastSwiftUpdateCheck = 1400;
				LastUpgradeCheck = 1400;
				TargetAttributes = {
					2148D80B28EA13370014A680 = {
						CreatedOnToolsVersion = 14.0.1;
						LastSwiftMigration = 1400;
					};
				};
			};
			buildConfigurationList = 2148D80728EA13370014A680 /* Build configuration list for PBXProject "KisilerUygulamasi" */;
			compatibilityVersion = "Xcode 14.0";
			developmentRegion = en;
			hasScannedForEncodings = 0;
			knownRegions = (
				en,
				Base,
			);
			mainGroup = 2148D80328EA13370014A680;
			productRefGroup = 2148D80D28EA13370014A680 /* Products */;
			projectDirPath = "";
			projectRoot = "";
			targets = (
				2148D80B28EA13370014A680 /* KisilerUygulamasi */,
			);
		};
/* End PBXProject section */

/* Begin PBXResourcesBuildPhase section */
		2148D80A28EA13370014A680 /* Resources */ = {
			isa = PBXResourcesBuildPhase;
			buildActionMask = 2147483647;
			files = (
				2148D81C28EA13380014A680 /* LaunchScreen.storyboard in Resources */,
				21B2466A28F35A530087D26F /* rehber.sqlite in Resources */,
				2148D81928EA13380014A680 /* Assets.xcassets in Resources */,
				2148D81728EA13370014A680 /* Main.storyboard in Resources */,
			);
			runOnlyForDeploymentPostprocessing = 0;
		};
/* End PBXResourcesBuildPhase section */

/* Begin PBXSourcesBuildPhase section */
		2148D80828EA13370014A680 /* Sources */ = {
			isa = PBXSourcesBuildPhase;
			buildActionMask = 2147483647;
			files = (
				21B2461728F333380087D26F /* AnasayfaProtocols.swift in Sources */,
				21B2462528F336DD0087D26F /* KisiKayitRouter.swift in Sources */,
				21B2463128F337730087D26F /* KisiDetayInteractor.swift in Sources */,
				21B2466728F359F10087D26F /* FMDatabasePool.m in Sources */,
				21B2466528F359F10087D26F /* FMDatabase.m in Sources */,
				21B2462F28F337640087D26F /* KisiDetayPresenter.swift in Sources */,
				21B2466828F359F10087D26F /* FMResultSet.m in Sources */,
				21B2462228F336B50087D26F /* KisiKayitInteractor.swift in Sources */,
				2148D82628EA15210014A680 /* KisiDetayVC.swift in Sources */,
				21B2462728F336F00087D26F /* KisiKayitProtocols.swift in Sources */,
				2148D81428EA13370014A680 /* AnasayfaVC.swift in Sources */,
				2148D81028EA13370014A680 /* AppDelegate.swift in Sources */,
				21B2463528F337990087D26F /* KisiDetayProtocols.swift in Sources */,
				21B2461328F332FB0087D26F /* AnasayfaInteractor.swift in Sources */,
				21B2462028F336A50087D26F /* KisiKayitPresenter.swift in Sources */,
				211BF99528EC98B6004DE90E /* TableViewHucre.swift in Sources */,
				21B2463328F3378A0087D26F /* KisiDetayRouter.swift in Sources */,
				2148D81228EA13370014A680 /* SceneDelegate.swift in Sources */,
				21B2461528F333130087D26F /* AnasayfaRouter.swift in Sources */,
				2148D82428EA15000014A680 /* KisiKayitVC.swift in Sources */,
				21B2461128F332D90087D26F /* AnasayfaPresenter.swift in Sources */,
				21B2466628F359F10087D26F /* FMDatabaseQueue.m in Sources */,
				2148D82828EA1E740014A680 /* Kisiler.swift in Sources */,
				21B2466428F359F10087D26F /* FMDatabaseAdditions.m in Sources */,
			);
			runOnlyForDeploymentPostprocessing = 0;
		};
/* End PBXSourcesBuildPhase section */

/* Begin PBXVariantGroup section */
		2148D81528EA13370014A680 /* Main.storyboard */ = {
			isa = PBXVariantGroup;
			children = (
				2148D81628EA13370014A680 /* Base */,
			);
			name = Main.storyboard;
			sourceTree = "<group>";
		};
		2148D81A28EA13380014A680 /* LaunchScreen.storyboard */ = {
			isa = PBXVariantGroup;
			children = (
				2148D81B28EA13380014A680 /* Base */,
			);
			name = LaunchScreen.storyboard;
			sourceTree = "<group>";
		};
/* End PBXVariantGroup section */

/* Begin XCBuildConfiguration section */
		2148D81E28EA13380014A680 /* Debug */ = {
			isa = XCBuildConfiguration;
			buildSettings = {
				ALWAYS_SEARCH_USER_PATHS = NO;
				CLANG_ANALYZER_NONNULL = YES;
				CLANG_ANALYZER_NUMBER_OBJECT_CONVERSION = YES_AGGRESSIVE;
				CLANG_CXX_LANGUAGE_STANDARD = "gnu++20";
				CLANG_ENABLE_MODULES = YES;
				CLANG_ENABLE_OBJC_ARC = YES;
				CLANG_ENABLE_OBJC_WEAK = YES;
				CLANG_WARN_BLOCK_CAPTURE_AUTORELEASING = YES;
				CLANG_WARN_BOOL_CONVERSION = YES;
				CLANG_WARN_COMMA = YES;
				CLANG_WARN_CONSTANT_CONVERSION = YES;
				CLANG_WARN_DEPRECATED_OBJC_IMPLEMENTATIONS = YES;
				CLANG_WARN_DIRECT_OBJC_ISA_USAGE = YES_ERROR;
				CLANG_WARN_DOCUMENTATION_COMMENTS = YES;
				CLANG_WARN_EMPTY_BODY = YES;
				CLANG_WARN_ENUM_CONVERSION = YES;
				CLANG_WARN_INFINITE_RECURSION = YES;
				CLANG_WARN_INT_CONVERSION = YES;
				CLANG_WARN_NON_LITERAL_NULL_CONVERSION = YES;
				CLANG_WARN_OBJC_IMPLICIT_RETAIN_SELF = YES;
				CLANG_WARN_OBJC_LITERAL_CONVERSION = YES;
				CLANG_WARN_OBJC_ROOT_CLASS = YES_ERROR;
				CLANG_WARN_QUOTED_INCLUDE_IN_FRAMEWORK_HEADER = YES;
				CLANG_WARN_RANGE_LOOP_ANALYSIS = YES;
				CLANG_WARN_STRICT_PROTOTYPES = YES;
				CLANG_WARN_SUSPICIOUS_MOVE = YES;
				CLANG_WARN_UNGUARDED_AVAILABILITY = YES_AGGRESSIVE;
				CLANG_WARN_UNREACHABLE_CODE = YES;
				CLANG_WARN__DUPLICATE_METHOD_MATCH = YES;
				COPY_PHASE_STRIP = NO;
				DEBUG_INFORMATION_FORMAT = dwarf;
				ENABLE_STRICT_OBJC_MSGSEND = YES;
				ENABLE_TESTABILITY = YES;
				GCC_C_LANGUAGE_STANDARD = gnu11;
				GCC_DYNAMIC_NO_PIC = NO;
				GCC_NO_COMMON_BLOCKS = YES;
				GCC_OPTIMIZATION_LEVEL = 0;
				GCC_PREPROCESSOR_DEFINITIONS = (
					"DEBUG=1",
					"$(inherited)",
				);
				GCC_WARN_64_TO_32_BIT_CONVERSION = YES;
				GCC_WARN_ABOUT_RETURN_TYPE = YES_ERROR;
				GCC_WARN_UNDECLARED_SELECTOR = YES;
				GCC_WARN_UNINITIALIZED_AUTOS = YES_AGGRESSIVE;
				GCC_WARN_UNUSED_FUNCTION = YES;
				GCC_WARN_UNUSED_VARIABLE = YES;
				IPHONEOS_DEPLOYMENT_TARGET = 16.0;
				MTL_ENABLE_DEBUG_INFO = INCLUDE_SOURCE;
				MTL_FAST_MATH = YES;
				ONLY_ACTIVE_ARCH = YES;
				SDKROOT = iphoneos;
				SWIFT_ACTIVE_COMPILATION_CONDITIONS = DEBUG;
				SWIFT_OPTIMIZATION_LEVEL = "-Onone";
			};
			name = Debug;
		};
		2148D81F28EA13380014A680 /* Release */ = {
			isa = XCBuildConfiguration;
			buildSettings = {
				ALWAYS_SEARCH_USER_PATHS = NO;
				CLANG_ANALYZER_NONNULL = YES;
				CLANG_ANALYZER_NUMBER_OBJECT_CONVERSION = YES_AGGRESSIVE;
				CLANG_CXX_LANGUAGE_STANDARD = "gnu++20";
				CLANG_ENABLE_MODULES = YES;
				CLANG_ENABLE_OBJC_ARC = YES;
				CLANG_ENABLE_OBJC_WEAK = YES;
				CLANG_WARN_BLOCK_CAPTURE_AUTORELEASING = YES;
				CLANG_WARN_BOOL_CONVERSION = YES;
				CLANG_WARN_COMMA = YES;
				CLANG_WARN_CONSTANT_CONVERSION = YES;
				CLANG_WARN_DEPRECATED_OBJC_IMPLEMENTATIONS = YES;
				CLANG_WARN_DIRECT_OBJC_ISA_USAGE = YES_ERROR;
				CLANG_WARN_DOCUMENTATION_COMMENTS = YES;
				CLANG_WARN_EMPTY_BODY = YES;
				CLANG_WARN_ENUM_CONVERSION = YES;
				CLANG_WARN_INFINITE_RECURSION = YES;
				CLANG_WARN_INT_CONVERSION = YES;
				CLANG_WARN_NON_LITERAL_NULL_CONVERSION = YES;
				CLANG_WARN_OBJC_IMPLICIT_RETAIN_SELF = YES;
				CLANG_WARN_OBJC_LITERAL_CONVERSION = YES;
				CLANG_WARN_OBJC_ROOT_CLASS = YES_ERROR;
				CLANG_WARN_QUOTED_INCLUDE_IN_FRAMEWORK_HEADER = YES;
				CLANG_WARN_RANGE_LOOP_ANALYSIS = YES;
				CLANG_WARN_STRICT_PROTOTYPES = YES;
				CLANG_WARN_SUSPICIOUS_MOVE = YES;
				CLANG_WARN_UNGUARDED_AVAILABILITY = YES_AGGRESSIVE;
				CLANG_WARN_UNREACHABLE_CODE = YES;
				CLANG_WARN__DUPLICATE_METHOD_MATCH = YES;
				COPY_PHASE_STRIP = NO;
				DEBUG_INFORMATION_FORMAT = "dwarf-with-dsym";
				ENABLE_NS_ASSERTIONS = NO;
				ENABLE_STRICT_OBJC_MSGSEND = YES;
				GCC_C_LANGUAGE_STANDARD = gnu11;
				GCC_NO_COMMON_BLOCKS = YES;
				GCC_WARN_64_TO_32_BIT_CONVERSION = YES;
				GCC_WARN_ABOUT_RETURN_TYPE = YES_ERROR;
				GCC_WARN_UNDECLARED_SELECTOR = YES;
				GCC_WARN_UNINITIALIZED_AUTOS = YES_AGGRESSIVE;
				GCC_WARN_UNUSED_FUNCTION = YES;
				GCC_WARN_UNUSED_VARIABLE = YES;
				IPHONEOS_DEPLOYMENT_TARGET = 16.0;
				MTL_ENABLE_DEBUG_INFO = NO;
				MTL_FAST_MATH = YES;
				SDKROOT = iphoneos;
				SWIFT_COMPILATION_MODE = wholemodule;
				SWIFT_OPTIMIZATION_LEVEL = "-O";
				VALIDATE_PRODUCT = YES;
			};
			name = Release;
		};
		2148D82128EA13380014A680 /* Debug */ = {
			isa = XCBuildConfiguration;
			buildSettings = {
				ASSETCATALOG_COMPILER_APPICON_NAME = AppIcon;
				ASSETCATALOG_COMPILER_GLOBAL_ACCENT_COLOR_NAME = AccentColor;
				CLANG_ENABLE_MODULES = YES;
				CODE_SIGN_STYLE = Automatic;
				CURRENT_PROJECT_VERSION = 1;
				GENERATE_INFOPLIST_FILE = YES;
				INFOPLIST_FILE = KisilerUygulamasi/Info.plist;
				INFOPLIST_KEY_UIApplicationSupportsIndirectInputEvents = YES;
				INFOPLIST_KEY_UILaunchStoryboardName = LaunchScreen;
				INFOPLIST_KEY_UIMainStoryboardFile = Main;
				INFOPLIST_KEY_UISupportedInterfaceOrientations_iPad = "UIInterfaceOrientationPortrait UIInterfaceOrientationPortraitUpsideDown UIInterfaceOrientationLandscapeLeft UIInterfaceOrientationLandscapeRight";
				INFOPLIST_KEY_UISupportedInterfaceOrientations_iPhone = "UIInterfaceOrientationPortrait UIInterfaceOrientationLandscapeLeft UIInterfaceOrientationLandscapeRight";
				LD_RUNPATH_SEARCH_PATHS = (
					"$(inherited)",
					"@executable_path/Frameworks",
				);
				MARKETING_VERSION = 1.0;
				PRODUCT_BUNDLE_IDENTIFIER = com.mzyavuz.info.KisilerUygulamasi;
				PRODUCT_NAME = "$(TARGET_NAME)";
				SWIFT_EMIT_LOC_STRINGS = YES;
				SWIFT_OBJC_BRIDGING_HEADER = "KisilerUygulamasi/KisilerUygulamasi-Bridging-Header.h";
				SWIFT_OPTIMIZATION_LEVEL = "-Onone";
				SWIFT_VERSION = 5.0;
				TARGETED_DEVICE_FAMILY = "1,2";
			};
			name = Debug;
		};
		2148D82228EA13380014A680 /* Release */ = {
			isa = XCBuildConfiguration;
			buildSettings = {
				ASSETCATALOG_COMPILER_APPICON_NAME = AppIcon;
				ASSETCATALOG_COMPILER_GLOBAL_ACCENT_COLOR_NAME = AccentColor;
				CLANG_ENABLE_MODULES = YES;
				CODE_SIGN_STYLE = Automatic;
				CURRENT_PROJECT_VERSION = 1;
				GENERATE_INFOPLIST_FILE = YES;
				INFOPLIST_FILE = KisilerUygulamasi/Info.plist;
				INFOPLIST_KEY_UIApplicationSupportsIndirectInputEvents = YES;
				INFOPLIST_KEY_UILaunchStoryboardName = LaunchScreen;
				INFOPLIST_KEY_UIMainStoryboardFile = Main;
				INFOPLIST_KEY_UISupportedInterfaceOrientations_iPad = "UIInterfaceOrientationPortrait UIInterfaceOrientationPortraitUpsideDown UIInterfaceOrientationLandscapeLeft UIInterfaceOrientationLandscapeRight";
				INFOPLIST_KEY_UISupportedInterfaceOrientations_iPhone = "UIInterfaceOrientationPortrait UIInterfaceOrientationLandscapeLeft UIInterfaceOrientationLandscapeRight";
				LD_RUNPATH_SEARCH_PATHS = (
					"$(inherited)",
					"@executable_path/Frameworks",
				);
				MARKETING_VERSION = 1.0;
				PRODUCT_BUNDLE_IDENTIFIER = com.mzyavuz.info.KisilerUygulamasi;
				PRODUCT_NAME = "$(TARGET_NAME)";
				SWIFT_EMIT_LOC_STRINGS = YES;
				SWIFT_OBJC_BRIDGING_HEADER = "KisilerUygulamasi/KisilerUygulamasi-Bridging-Header.h";
				SWIFT_VERSION = 5.0;
				TARGETED_DEVICE_FAMILY = "1,2";
			};
			name = Release;
		};
/* End XCBuildConfiguration section */

/* Begin XCConfigurationList section */
		2148D80728EA13370014A680 /* Build configuration list for PBXProject "KisilerUygulamasi" */ = {
			isa = XCConfigurationList;
			buildConfigurations = (
				2148D81E28EA13380014A680 /* Debug */,
				2148D81F28EA13380014A680 /* Release */,
			);
			defaultConfigurationIsVisible = 0;
			defaultConfigurationName = Release;
		};
		2148D82028EA13380014A680 /* Build configuration list for PBXNativeTarget "KisilerUygulamasi" */ = {
			isa = XCConfigurationList;
			buildConfigurations = (
				2148D82128EA13380014A680 /* Debug */,
				2148D82228EA13380014A680 /* Release */,
			);
			defaultConfigurationIsVisible = 0;
			defaultConfigurationName = Release;
		};
/* End XCConfigurationList section */
	};
	rootObject = 2148D80428EA13370014A680 /* Project object */;
}
