// !$*UTF8*$!
{
	archiveVersion = 1;
	classes = {
	};
	objectVersion = 56;
	objects = {

/* Begin PBXBuildFile section */
		211BF99128EACBA8004DE90E /* Sayilar.swift in Sources */ = {isa = PBXBuildFile; fileRef = 211BF99028EACBA8004DE90E /* Sayilar.swift */; };
		211BF99328EACD14004DE90E /* IntButton.swift in Sources */ = {isa = PBXBuildFile; fileRef = 211BF99228EACD14004DE90E /* IntButton.swift */; };
		21ABB35128EA9640007D3675 /* AppDelegate.swift in Sources */ = {isa = PBXBuildFile; fileRef = 21ABB35028EA9640007D3675 /* AppDelegate.swift */; };
		21ABB35328EA9640007D3675 /* SceneDelegate.swift in Sources */ = {isa = PBXBuildFile; fileRef = 21ABB35228EA9640007D3675 /* SceneDelegate.swift */; };
		21ABB35528EA9640007D3675 /* HesapMakinesi.swift in Sources */ = {isa = PBXBuildFile; fileRef = 21ABB35428EA9640007D3675 /* HesapMakinesi.swift */; };
		21ABB35828EA9640007D3675 /* Main.storyboard in Resources */ = {isa = PBXBuildFile; fileRef = 21ABB35628EA9640007D3675 /* Main.storyboard */; };
		21ABB35A28EA9641007D3675 /* Assets.xcassets in Resources */ = {isa = PBXBuildFile; fileRef = 21ABB35928EA9641007D3675 /* Assets.xcassets */; };
		21ABB35D28EA9641007D3675 /* LaunchScreen.storyboard in Resources */ = {isa = PBXBuildFile; fileRef = 21ABB35B28EA9641007D3675 /* LaunchScreen.storyboard */; };
/* End PBXBuildFile section */

/* Begin PBXFileReference section */
		211BF99028EACBA8004DE90E /* Sayilar.swift */ = {isa = PBXFileReference; lastKnownFileType = sourcecode.swift; path = Sayilar.swift; sourceTree = "<group>"; };
		211BF99228EACD14004DE90E /* IntButton.swift */ = {isa = PBXFileReference; lastKnownFileType = sourcecode.swift; path = IntButton.swift; sourceTree = "<group>"; };
		21ABB34D28EA9640007D3675 /* Odev5.app */ = {isa = PBXFileReference; explicitFileType = wrapper.application; includeInIndex = 0; path = Odev5.app; sourceTree = BUILT_PRODUCTS_DIR; };
		21ABB35028EA9640007D3675 /* AppDelegate.swift */ = {isa = PBXFileReference; lastKnownFileType = sourcecode.swift; path = AppDelegate.swift; sourceTree = "<group>"; };
		21ABB35228EA9640007D3675 /* SceneDelegate.swift */ = {isa = PBXFileReference; lastKnownFileType = sourcecode.swift; path = SceneDelegate.swift; sourceTree = "<group>"; };
		21ABB35428EA9640007D3675 /* HesapMakinesi.swift */ = {isa = PBXFileReference; lastKnownFileType = sourcecode.swift; path = HesapMakinesi.swift; sourceTree = "<group>"; };
		21ABB35728EA9640007D3675 /* Base */ = {isa = PBXFileReference; lastKnownFileType = file.storyboard; name = Base; path = Base.lproj/Main.storyboard; sourceTree = "<group>"; };
		21ABB35928EA9641007D3675 /* Assets.xcassets */ = {isa = PBXFileReference; lastKnownFileType = folder.assetcatalog; path = Assets.xcassets; sourceTree = "<group>"; };
		21ABB35C28EA9641007D3675 /* Base */ = {isa = PBXFileReference; lastKnownFileType = file.storyboard; name = Base; path = Base.lproj/LaunchScreen.storyboard; sourceTree = "<group>"; };
		21ABB35E28EA9641007D3675 /* Info.plist */ = {isa = PBXFileReference; lastKnownFileType = text.plist.xml; path = Info.plist; sourceTree = "<group>"; };
/* End PBXFileReference section */

/* Begin PBXFrameworksBuildPhase section */
		21ABB34A28EA9640007D3675 /* Frameworks */ = {
			isa = PBXFrameworksBuildPhase;
			buildActionMask = 2147483647;
			files = (
			);
			runOnlyForDeploymentPostprocessing = 0;
		};
/* End PBXFrameworksBuildPhase section */

/* Begin PBXGroup section */
		21ABB34428EA9640007D3675 = {
			isa = PBXGroup;
			children = (
				21ABB34F28EA9640007D3675 /* Odev5 */,
				21ABB34E28EA9640007D3675 /* Products */,
			);
			sourceTree = "<group>";
		};
		21ABB34E28EA9640007D3675 /* Products */ = {
			isa = PBXGroup;
			children = (
				21ABB34D28EA9640007D3675 /* Odev5.app */,
			);
			name = Products;
			sourceTree = "<group>";
		};
		21ABB34F28EA9640007D3675 /* Odev5 */ = {
			isa = PBXGroup;
			children = (
				21ABB35028EA9640007D3675 /* AppDelegate.swift */,
				21ABB35228EA9640007D3675 /* SceneDelegate.swift */,
				21ABB35428EA9640007D3675 /* HesapMakinesi.swift */,
				211BF99228EACD14004DE90E /* IntButton.swift */,
				211BF99028EACBA8004DE90E /* Sayilar.swift */,
				21ABB35628EA9640007D3675 /* Main.storyboard */,
				21ABB35928EA9641007D3675 /* Assets.xcassets */,
				21ABB35B28EA9641007D3675 /* LaunchScreen.storyboard */,
				21ABB35E28EA9641007D3675 /* Info.plist */,
			);
			path = Odev5;
			sourceTree = "<group>";
		};
/* End PBXGroup section */

/* Begin PBXNativeTarget section */
		21ABB34C28EA9640007D3675 /* Odev5 */ = {
			isa = PBXNativeTarget;
			buildConfigurationList = 21ABB36128EA9641007D3675 /* Build configuration list for PBXNativeTarget "Odev5" */;
			buildPhases = (
				21ABB34928EA9640007D3675 /* Sources */,
				21ABB34A28EA9640007D3675 /* Frameworks */,
				21ABB34B28EA9640007D3675 /* Resources */,
			);
			buildRules = (
			);
			dependencies = (
			);
			name = Odev5;
			productName = Odev5;
			productReference = 21ABB34D28EA9640007D3675 /* Odev5.app */;
			productType = "com.apple.product-type.application";
		};
/* End PBXNativeTarget section */

/* Begin PBXProject section */
		21ABB34528EA9640007D3675 /* Project object */ = {
			isa = PBXProject;
			attributes = {
				BuildIndependentTargetsInParallel = 1;
				LastSwiftUpdateCheck = 1400;
				LastUpgradeCheck = 1400;
				TargetAttributes = {
					21ABB34C28EA9640007D3675 = {
						CreatedOnToolsVersion = 14.0.1;
					};
				};
			};
			buildConfigurationList = 21ABB34828EA9640007D3675 /* Build configuration list for PBXProject "Odev5" */;
			compatibilityVersion = "Xcode 14.0";
			developmentRegion = en;
			hasScannedForEncodings = 0;
			knownRegions = (
				en,
				Base,
			);
			mainGroup = 21ABB34428EA9640007D3675;
			productRefGroup = 21ABB34E28EA9640007D3675 /* Products */;
			projectDirPath = "";
			projectRoot = "";
			targets = (
				21ABB34C28EA9640007D3675 /* Odev5 */,
			);
		};
/* End PBXProject section */

/* Begin PBXResourcesBuildPhase section */
		21ABB34B28EA9640007D3675 /* Resources */ = {
			isa = PBXResourcesBuildPhase;
			buildActionMask = 2147483647;
			files = (
				21ABB35D28EA9641007D3675 /* LaunchScreen.storyboard in Resources */,
				21ABB35A28EA9641007D3675 /* Assets.xcassets in Resources */,
				21ABB35828EA9640007D3675 /* Main.storyboard in Resources */,
			);
			runOnlyForDeploymentPostprocessing = 0;
		};
/* End PBXResourcesBuildPhase section */

/* Begin PBXSourcesBuildPhase section */
		21ABB34928EA9640007D3675 /* Sources */ = {
			isa = PBXSourcesBuildPhase;
			buildActionMask = 2147483647;
			files = (
				21ABB35528EA9640007D3675 /* HesapMakinesi.swift in Sources */,
				211BF99328EACD14004DE90E /* IntButton.swift in Sources */,
				211BF99128EACBA8004DE90E /* Sayilar.swift in Sources */,
				21ABB35128EA9640007D3675 /* AppDelegate.swift in Sources */,
				21ABB35328EA9640007D3675 /* SceneDelegate.swift in Sources */,
			);
			runOnlyForDeploymentPostprocessing = 0;
		};
/* End PBXSourcesBuildPhase section */

/* Begin PBXVariantGroup section */
		21ABB35628EA9640007D3675 /* Main.storyboard */ = {
			isa = PBXVariantGroup;
			children = (
				21ABB35728EA9640007D3675 /* Base */,
			);
			name = Main.storyboard;
			sourceTree = "<group>";
		};
		21ABB35B28EA9641007D3675 /* LaunchScreen.storyboard */ = {
			isa = PBXVariantGroup;
			children = (
				21ABB35C28EA9641007D3675 /* Base */,
			);
			name = LaunchScreen.storyboard;
			sourceTree = "<group>";
		};
/* End PBXVariantGroup section */

/* Begin XCBuildConfiguration section */
		21ABB35F28EA9641007D3675 /* Debug */ = {
			isa = XCBuildConfiguration;
			buildSettings = {
				ALWAYS_SEARCH_USER_PATHS = NO;
				CLANG_ANALYZER_NONNULL = YES;
				CLANG_ANALYZER_NUMBER_OBJECT_CONVERSION = YES_AGGRESSIVE;
				CLANG_CXX_LANGUAGE_STANDARD = "gnu++20";
				CLANG_ENABLE_MODULES = YES;
				CLANG_ENABLE_OBJC_ARC = YES;
				CLANG_ENABLE_OBJC_WEAK = YES;
				CLANG_WARN_BLOCK_CAPTURE_AUTORELEASING = YES;
				CLANG_WARN_BOOL_CONVERSION = YES;
				CLANG_WARN_COMMA = YES;
				CLANG_WARN_CONSTANT_CONVERSION = YES;
				CLANG_WARN_DEPRECATED_OBJC_IMPLEMENTATIONS = YES;
				CLANG_WARN_DIRECT_OBJC_ISA_USAGE = YES_ERROR;
				CLANG_WARN_DOCUMENTATION_COMMENTS = YES;
				CLANG_WARN_EMPTY_BODY = YES;
				CLANG_WARN_ENUM_CONVERSION = YES;
				CLANG_WARN_INFINITE_RECURSION = YES;
				CLANG_WARN_INT_CONVERSION = YES;
				CLANG_WARN_NON_LITERAL_NULL_CONVERSION = YES;
				CLANG_WARN_OBJC_IMPLICIT_RETAIN_SELF = YES;
				CLANG_WARN_OBJC_LITERAL_CONVERSION = YES;
				CLANG_WARN_OBJC_ROOT_CLASS = YES_ERROR;
				CLANG_WARN_QUOTED_INCLUDE_IN_FRAMEWORK_HEADER = YES;
				CLANG_WARN_RANGE_LOOP_ANALYSIS = YES;
				CLANG_WARN_STRICT_PROTOTYPES = YES;
				CLANG_WARN_SUSPICIOUS_MOVE = YES;
				CLANG_WARN_UNGUARDED_AVAILABILITY = YES_AGGRESSIVE;
				CLANG_WARN_UNREACHABLE_CODE = YES;
				CLANG_WARN__DUPLICATE_METHOD_MATCH = YES;
				COPY_PHASE_STRIP = NO;
				DEBUG_INFORMATION_FORMAT = dwarf;
				ENABLE_STRICT_OBJC_MSGSEND = YES;
				ENABLE_TESTABILITY = YES;
				GCC_C_LANGUAGE_STANDARD = gnu11;
				GCC_DYNAMIC_NO_PIC = NO;
				GCC_NO_COMMON_BLOCKS = YES;
				GCC_OPTIMIZATION_LEVEL = 0;
				GCC_PREPROCESSOR_DEFINITIONS = (
					"DEBUG=1",
					"$(inherited)",
				);
				GCC_WARN_64_TO_32_BIT_CONVERSION = YES;
				GCC_WARN_ABOUT_RETURN_TYPE = YES_ERROR;
				GCC_WARN_UNDECLARED_SELECTOR = YES;
				GCC_WARN_UNINITIALIZED_AUTOS = YES_AGGRESSIVE;
				GCC_WARN_UNUSED_FUNCTION = YES;
				GCC_WARN_UNUSED_VARIABLE = YES;
				IPHONEOS_DEPLOYMENT_TARGET = 16.0;
				MTL_ENABLE_DEBUG_INFO = INCLUDE_SOURCE;
				MTL_FAST_MATH = YES;
				ONLY_ACTIVE_ARCH = YES;
				SDKROOT = iphoneos;
				SWIFT_ACTIVE_COMPILATION_CONDITIONS = DEBUG;
				SWIFT_OPTIMIZATION_LEVEL = "-Onone";
			};
			name = Debug;
		};
		21ABB36028EA9641007D3675 /* Release */ = {
			isa = XCBuildConfiguration;
			buildSettings = {
				ALWAYS_SEARCH_USER_PATHS = NO;
				CLANG_ANALYZER_NONNULL = YES;
				CLANG_ANALYZER_NUMBER_OBJECT_CONVERSION = YES_AGGRESSIVE;
				CLANG_CXX_LANGUAGE_STANDARD = "gnu++20";
				CLANG_ENABLE_MODULES = YES;
				CLANG_ENABLE_OBJC_ARC = YES;
				CLANG_ENABLE_OBJC_WEAK = YES;
				CLANG_WARN_BLOCK_CAPTURE_AUTORELEASING = YES;
				CLANG_WARN_BOOL_CONVERSION = YES;
				CLANG_WARN_COMMA = YES;
				CLANG_WARN_CONSTANT_CONVERSION = YES;
				CLANG_WARN_DEPRECATED_OBJC_IMPLEMENTATIONS = YES;
				CLANG_WARN_DIRECT_OBJC_ISA_USAGE = YES_ERROR;
				CLANG_WARN_DOCUMENTATION_COMMENTS = YES;
				CLANG_WARN_EMPTY_BODY = YES;
				CLANG_WARN_ENUM_CONVERSION = YES;
				CLANG_WARN_INFINITE_RECURSION = YES;
				CLANG_WARN_INT_CONVERSION = YES;
				CLANG_WARN_NON_LITERAL_NULL_CONVERSION = YES;
				CLANG_WARN_OBJC_IMPLICIT_RETAIN_SELF = YES;
				CLANG_WARN_OBJC_LITERAL_CONVERSION = YES;
				CLANG_WARN_OBJC_ROOT_CLASS = YES_ERROR;
				CLANG_WARN_QUOTED_INCLUDE_IN_FRAMEWORK_HEADER = YES;
				CLANG_WARN_RANGE_LOOP_ANALYSIS = YES;
				CLANG_WARN_STRICT_PROTOTYPES = YES;
				CLANG_WARN_SUSPICIOUS_MOVE = YES;
				CLANG_WARN_UNGUARDED_AVAILABILITY = YES_AGGRESSIVE;
				CLANG_WARN_UNREACHABLE_CODE = YES;
				CLANG_WARN__DUPLICATE_METHOD_MATCH = YES;
				COPY_PHASE_STRIP = NO;
				DEBUG_INFORMATION_FORMAT = "dwarf-with-dsym";
				ENABLE_NS_ASSERTIONS = NO;
				ENABLE_STRICT_OBJC_MSGSEND = YES;
				GCC_C_LANGUAGE_STANDARD = gnu11;
				GCC_NO_COMMON_BLOCKS = YES;
				GCC_WARN_64_TO_32_BIT_CONVERSION = YES;
				GCC_WARN_ABOUT_RETURN_TYPE = YES_ERROR;
				GCC_WARN_UNDECLARED_SELECTOR = YES;
				GCC_WARN_UNINITIALIZED_AUTOS = YES_AGGRESSIVE;
				GCC_WARN_UNUSED_FUNCTION = YES;
				GCC_WARN_UNUSED_VARIABLE = YES;
				IPHONEOS_DEPLOYMENT_TARGET = 16.0;
				MTL_ENABLE_DEBUG_INFO = NO;
				MTL_FAST_MATH = YES;
				SDKROOT = iphoneos;
				SWIFT_COMPILATION_MODE = wholemodule;
				SWIFT_OPTIMIZATION_LEVEL = "-O";
				VALIDATE_PRODUCT = YES;
			};
			name = Release;
		};
		21ABB36228EA9641007D3675 /* Debug */ = {
			isa = XCBuildConfiguration;
			buildSettings = {
				ASSETCATALOG_COMPILER_APPICON_NAME = AppIcon;
				ASSETCATALOG_COMPILER_GLOBAL_ACCENT_COLOR_NAME = AccentColor;
				CODE_SIGN_STYLE = Automatic;
				CURRENT_PROJECT_VERSION = 1;
				GENERATE_INFOPLIST_FILE = YES;
				INFOPLIST_FILE = Odev5/Info.plist;
				INFOPLIST_KEY_UIApplicationSupportsIndirectInputEvents = YES;
				INFOPLIST_KEY_UILaunchStoryboardName = LaunchScreen;
				INFOPLIST_KEY_UIMainStoryboardFile = Main;
				INFOPLIST_KEY_UISupportedInterfaceOrientations_iPad = "UIInterfaceOrientationPortrait UIInterfaceOrientationPortraitUpsideDown UIInterfaceOrientationLandscapeLeft UIInterfaceOrientationLandscapeRight";
				INFOPLIST_KEY_UISupportedInterfaceOrientations_iPhone = "UIInterfaceOrientationPortrait UIInterfaceOrientationLandscapeLeft UIInterfaceOrientationLandscapeRight";
				LD_RUNPATH_SEARCH_PATHS = (
					"$(inherited)",
					"@executable_path/Frameworks",
				);
				MARKETING_VERSION = 1.0;
				PRODUCT_BUNDLE_IDENTIFIER = com.mzyavuz.info.Odev5;
				PRODUCT_NAME = "$(TARGET_NAME)";
				SWIFT_EMIT_LOC_STRINGS = YES;
				SWIFT_VERSION = 5.0;
				TARGETED_DEVICE_FAMILY = "1,2";
			};
			name = Debug;
		};
		21ABB36328EA9641007D3675 /* Release */ = {
			isa = XCBuildConfiguration;
			buildSettings = {
				ASSETCATALOG_COMPILER_APPICON_NAME = AppIcon;
				ASSETCATALOG_COMPILER_GLOBAL_ACCENT_COLOR_NAME = AccentColor;
				CODE_SIGN_STYLE = Automatic;
				CURRENT_PROJECT_VERSION = 1;
				GENERATE_INFOPLIST_FILE = YES;
				INFOPLIST_FILE = Odev5/Info.plist;
				INFOPLIST_KEY_UIApplicationSupportsIndirectInputEvents = YES;
				INFOPLIST_KEY_UILaunchStoryboardName = LaunchScreen;
				INFOPLIST_KEY_UIMainStoryboardFile = Main;
				INFOPLIST_KEY_UISupportedInterfaceOrientations_iPad = "UIInterfaceOrientationPortrait UIInterfaceOrientationPortraitUpsideDown UIInterfaceOrientationLandscapeLeft UIInterfaceOrientationLandscapeRight";
				INFOPLIST_KEY_UISupportedInterfaceOrientations_iPhone = "UIInterfaceOrientationPortrait UIInterfaceOrientationLandscapeLeft UIInterfaceOrientationLandscapeRight";
				LD_RUNPATH_SEARCH_PATHS = (
					"$(inherited)",
					"@executable_path/Frameworks",
				);
				MARKETING_VERSION = 1.0;
				PRODUCT_BUNDLE_IDENTIFIER = com.mzyavuz.info.Odev5;
				PRODUCT_NAME = "$(TARGET_NAME)";
				SWIFT_EMIT_LOC_STRINGS = YES;
				SWIFT_VERSION = 5.0;
				TARGETED_DEVICE_FAMILY = "1,2";
			};
			name = Release;
		};
/* End XCBuildConfiguration section */

/* Begin XCConfigurationList section */
		21ABB34828EA9640007D3675 /* Build configuration list for PBXProject "Odev5" */ = {
			isa = XCConfigurationList;
			buildConfigurations = (
				21ABB35F28EA9641007D3675 /* Debug */,
				21ABB36028EA9641007D3675 /* Release */,
			);
			defaultConfigurationIsVisible = 0;
			defaultConfigurationName = Release;
		};
		21ABB36128EA9641007D3675 /* Build configuration list for PBXNativeTarget "Odev5" */ = {
			isa = XCConfigurationList;
			buildConfigurations = (
				21ABB36228EA9641007D3675 /* Debug */,
				21ABB36328EA9641007D3675 /* Release */,
			);
			defaultConfigurationIsVisible = 0;
			defaultConfigurationName = Release;
		};
/* End XCConfigurationList section */
	};
	rootObject = 21ABB34528EA9640007D3675 /* Project object */;
}
