// !$*UTF8*$!
{
	archiveVersion = 1;
	classes = {
	};
	objectVersion = 56;
	objects = {

/* Begin PBXBuildFile section */
		2138639328F49CDE00C6891B /* KategorilerCollectionViewCell.swift in Sources */ = {isa = PBXBuildFile; fileRef = 2138639228F49CDE00C6891B /* KategorilerCollectionViewCell.swift */; };
		2138639528F4A17500C6891B /* SizinIcinCollectionViewCell.swift in Sources */ = {isa = PBXBuildFile; fileRef = 2138639428F4A17500C6891B /* SizinIcinCollectionViewCell.swift */; };
		213863C028F73D0500C6891B /* VAG Rounded Regular.ttf in Resources */ = {isa = PBXBuildFile; fileRef = 213863BF28F73D0500C6891B /* VAG Rounded Regular.ttf */; };
		21B2460628F1A5EF0087D26F /* KampanyalarCollectionViewHucre.swift in Sources */ = {isa = PBXBuildFile; fileRef = 21B2460528F1A5EF0087D26F /* KampanyalarCollectionViewHucre.swift */; };
		21B2460828F1A77B0087D26F /* Kampanya.swift in Sources */ = {isa = PBXBuildFile; fileRef = 21B2460728F1A77B0087D26F /* Kampanya.swift */; };
		21B8963028F03526000544F6 /* AppDelegate.swift in Sources */ = {isa = PBXBuildFile; fileRef = 21B8962F28F03526000544F6 /* AppDelegate.swift */; };
		21B8963228F03526000544F6 /* SceneDelegate.swift in Sources */ = {isa = PBXBuildFile; fileRef = 21B8963128F03526000544F6 /* SceneDelegate.swift */; };
		21B8963428F03526000544F6 /* Anasayfa.swift in Sources */ = {isa = PBXBuildFile; fileRef = 21B8963328F03526000544F6 /* Anasayfa.swift */; };
		21B8963728F03526000544F6 /* Main.storyboard in Resources */ = {isa = PBXBuildFile; fileRef = 21B8963528F03526000544F6 /* Main.storyboard */; };
		21B8963928F03527000544F6 /* Assets.xcassets in Resources */ = {isa = PBXBuildFile; fileRef = 21B8963828F03527000544F6 /* Assets.xcassets */; };
		21B8963C28F03527000544F6 /* LaunchScreen.storyboard in Resources */ = {isa = PBXBuildFile; fileRef = 21B8963A28F03527000544F6 /* LaunchScreen.storyboard */; };
/* End PBXBuildFile section */

/* Begin PBXFileReference section */
		2138639228F49CDE00C6891B /* KategorilerCollectionViewCell.swift */ = {isa = PBXFileReference; lastKnownFileType = sourcecode.swift; path = KategorilerCollectionViewCell.swift; sourceTree = "<group>"; };
		2138639428F4A17500C6891B /* SizinIcinCollectionViewCell.swift */ = {isa = PBXFileReference; lastKnownFileType = sourcecode.swift; path = SizinIcinCollectionViewCell.swift; sourceTree = "<group>"; };
		213863BF28F73D0500C6891B /* VAG Rounded Regular.ttf */ = {isa = PBXFileReference; lastKnownFileType = file; path = "VAG Rounded Regular.ttf"; sourceTree = "<group>"; };
		21B2460528F1A5EF0087D26F /* KampanyalarCollectionViewHucre.swift */ = {isa = PBXFileReference; lastKnownFileType = sourcecode.swift; path = KampanyalarCollectionViewHucre.swift; sourceTree = "<group>"; };
		21B2460728F1A77B0087D26F /* Kampanya.swift */ = {isa = PBXFileReference; lastKnownFileType = sourcecode.swift; path = Kampanya.swift; sourceTree = "<group>"; };
		21B8962C28F03526000544F6 /* Odev6.app */ = {isa = PBXFileReference; explicitFileType = wrapper.application; includeInIndex = 0; path = Odev6.app; sourceTree = BUILT_PRODUCTS_DIR; };
		21B8962F28F03526000544F6 /* AppDelegate.swift */ = {isa = PBXFileReference; lastKnownFileType = sourcecode.swift; path = AppDelegate.swift; sourceTree = "<group>"; };
		21B8963128F03526000544F6 /* SceneDelegate.swift */ = {isa = PBXFileReference; lastKnownFileType = sourcecode.swift; path = SceneDelegate.swift; sourceTree = "<group>"; };
		21B8963328F03526000544F6 /* Anasayfa.swift */ = {isa = PBXFileReference; lastKnownFileType = sourcecode.swift; path = Anasayfa.swift; sourceTree = "<group>"; };
		21B8963628F03526000544F6 /* Base */ = {isa = PBXFileReference; lastKnownFileType = file.storyboard; name = Base; path = Base.lproj/Main.storyboard; sourceTree = "<group>"; };
		21B8963828F03527000544F6 /* Assets.xcassets */ = {isa = PBXFileReference; lastKnownFileType = folder.assetcatalog; path = Assets.xcassets; sourceTree = "<group>"; };
		21B8963B28F03527000544F6 /* Base */ = {isa = PBXFileReference; lastKnownFileType = file.storyboard; name = Base; path = Base.lproj/LaunchScreen.storyboard; sourceTree = "<group>"; };
		21B8963D28F03527000544F6 /* Info.plist */ = {isa = PBXFileReference; lastKnownFileType = text.plist.xml; path = Info.plist; sourceTree = "<group>"; };
/* End PBXFileReference section */

/* Begin PBXFrameworksBuildPhase section */
		21B8962928F03526000544F6 /* Frameworks */ = {
			isa = PBXFrameworksBuildPhase;
			buildActionMask = 2147483647;
			files = (
			);
			runOnlyForDeploymentPostprocessing = 0;
		};
/* End PBXFrameworksBuildPhase section */

/* Begin PBXGroup section */
		213863BE28F73CF100C6891B /* Fonts */ = {
			isa = PBXGroup;
			children = (
				213863BF28F73D0500C6891B /* VAG Rounded Regular.ttf */,
			);
			path = Fonts;
			sourceTree = "<group>";
		};
		21B8962328F03526000544F6 = {
			isa = PBXGroup;
			children = (
				21B8962E28F03526000544F6 /* Odev6 */,
				21B8962D28F03526000544F6 /* Products */,
			);
			sourceTree = "<group>";
		};
		21B8962D28F03526000544F6 /* Products */ = {
			isa = PBXGroup;
			children = (
				21B8962C28F03526000544F6 /* Odev6.app */,
			);
			name = Products;
			sourceTree = "<group>";
		};
		21B8962E28F03526000544F6 /* Odev6 */ = {
			isa = PBXGroup;
			children = (
				21B8962F28F03526000544F6 /* AppDelegate.swift */,
				21B8963128F03526000544F6 /* SceneDelegate.swift */,
				21B8963328F03526000544F6 /* Anasayfa.swift */,
				2138639228F49CDE00C6891B /* KategorilerCollectionViewCell.swift */,
				21B2460528F1A5EF0087D26F /* KampanyalarCollectionViewHucre.swift */,
				2138639428F4A17500C6891B /* SizinIcinCollectionViewCell.swift */,
				21B2460728F1A77B0087D26F /* Kampanya.swift */,
				21B8963528F03526000544F6 /* Main.storyboard */,
				21B8963828F03527000544F6 /* Assets.xcassets */,
				21B8963A28F03527000544F6 /* LaunchScreen.storyboard */,
				21B8963D28F03527000544F6 /* Info.plist */,
				213863BE28F73CF100C6891B /* Fonts */,
			);
			path = Odev6;
			sourceTree = "<group>";
		};
/* End PBXGroup section */

/* Begin PBXNativeTarget section */
		21B8962B28F03526000544F6 /* Odev6 */ = {
			isa = PBXNativeTarget;
			buildConfigurationList = 21B8964028F03527000544F6 /* Build configuration list for PBXNativeTarget "Odev6" */;
			buildPhases = (
				21B8962828F03526000544F6 /* Sources */,
				21B8962928F03526000544F6 /* Frameworks */,
				21B8962A28F03526000544F6 /* Resources */,
			);
			buildRules = (
			);
			dependencies = (
			);
			name = Odev6;
			productName = Odev6;
			productReference = 21B8962C28F03526000544F6 /* Odev6.app */;
			productType = "com.apple.product-type.application";
		};
/* End PBXNativeTarget section */

/* Begin PBXProject section */
		21B8962428F03526000544F6 /* Project object */ = {
			isa = PBXProject;
			attributes = {
				BuildIndependentTargetsInParallel = 1;
				LastSwiftUpdateCheck = 1400;
				LastUpgradeCheck = 1400;
				TargetAttributes = {
					21B8962B28F03526000544F6 = {
						CreatedOnToolsVersion = 14.0.1;
					};
				};
			};
			buildConfigurationList = 21B8962728F03526000544F6 /* Build configuration list for PBXProject "Odev6" */;
			compatibilityVersion = "Xcode 14.0";
			developmentRegion = en;
			hasScannedForEncodings = 0;
			knownRegions = (
				en,
				Base,
			);
			mainGroup = 21B8962328F03526000544F6;
			productRefGroup = 21B8962D28F03526000544F6 /* Products */;
			projectDirPath = "";
			projectRoot = "";
			targets = (
				21B8962B28F03526000544F6 /* Odev6 */,
			);
		};
/* End PBXProject section */

/* Begin PBXResourcesBuildPhase section */
		21B8962A28F03526000544F6 /* Resources */ = {
			isa = PBXResourcesBuildPhase;
			buildActionMask = 2147483647;
			files = (
				213863C028F73D0500C6891B /* VAG Rounded Regular.ttf in Resources */,
				21B8963C28F03527000544F6 /* LaunchScreen.storyboard in Resources */,
				21B8963928F03527000544F6 /* Assets.xcassets in Resources */,
				21B8963728F03526000544F6 /* Main.storyboard in Resources */,
			);
			runOnlyForDeploymentPostprocessing = 0;
		};
/* End PBXResourcesBuildPhase section */

/* Begin PBXSourcesBuildPhase section */
		21B8962828F03526000544F6 /* Sources */ = {
			isa = PBXSourcesBuildPhase;
			buildActionMask = 2147483647;
			files = (
				21B8963428F03526000544F6 /* Anasayfa.swift in Sources */,
				21B2460628F1A5EF0087D26F /* KampanyalarCollectionViewHucre.swift in Sources */,
				2138639528F4A17500C6891B /* SizinIcinCollectionViewCell.swift in Sources */,
				21B8963028F03526000544F6 /* AppDelegate.swift in Sources */,
				2138639328F49CDE00C6891B /* KategorilerCollectionViewCell.swift in Sources */,
				21B8963228F03526000544F6 /* SceneDelegate.swift in Sources */,
				21B2460828F1A77B0087D26F /* Kampanya.swift in Sources */,
			);
			runOnlyForDeploymentPostprocessing = 0;
		};
/* End PBXSourcesBuildPhase section */

/* Begin PBXVariantGroup section */
		21B8963528F03526000544F6 /* Main.storyboard */ = {
			isa = PBXVariantGroup;
			children = (
				21B8963628F03526000544F6 /* Base */,
			);
			name = Main.storyboard;
			sourceTree = "<group>";
		};
		21B8963A28F03527000544F6 /* LaunchScreen.storyboard */ = {
			isa = PBXVariantGroup;
			children = (
				21B8963B28F03527000544F6 /* Base */,
			);
			name = LaunchScreen.storyboard;
			sourceTree = "<group>";
		};
/* End PBXVariantGroup section */

/* Begin XCBuildConfiguration section */
		21B8963E28F03527000544F6 /* Debug */ = {
			isa = XCBuildConfiguration;
			buildSettings = {
				ALWAYS_SEARCH_USER_PATHS = NO;
				CLANG_ANALYZER_NONNULL = YES;
				CLANG_ANALYZER_NUMBER_OBJECT_CONVERSION = YES_AGGRESSIVE;
				CLANG_CXX_LANGUAGE_STANDARD = "gnu++20";
				CLANG_ENABLE_MODULES = YES;
				CLANG_ENABLE_OBJC_ARC = YES;
				CLANG_ENABLE_OBJC_WEAK = YES;
				CLANG_WARN_BLOCK_CAPTURE_AUTORELEASING = YES;
				CLANG_WARN_BOOL_CONVERSION = YES;
				CLANG_WARN_COMMA = YES;
				CLANG_WARN_CONSTANT_CONVERSION = YES;
				CLANG_WARN_DEPRECATED_OBJC_IMPLEMENTATIONS = YES;
				CLANG_WARN_DIRECT_OBJC_ISA_USAGE = YES_ERROR;
				CLANG_WARN_DOCUMENTATION_COMMENTS = YES;
				CLANG_WARN_EMPTY_BODY = YES;
				CLANG_WARN_ENUM_CONVERSION = YES;
				CLANG_WARN_INFINITE_RECURSION = YES;
				CLANG_WARN_INT_CONVERSION = YES;
				CLANG_WARN_NON_LITERAL_NULL_CONVERSION = YES;
				CLANG_WARN_OBJC_IMPLICIT_RETAIN_SELF = YES;
				CLANG_WARN_OBJC_LITERAL_CONVERSION = YES;
				CLANG_WARN_OBJC_ROOT_CLASS = YES_ERROR;
				CLANG_WARN_QUOTED_INCLUDE_IN_FRAMEWORK_HEADER = YES;
				CLANG_WARN_RANGE_LOOP_ANALYSIS = YES;
				CLANG_WARN_STRICT_PROTOTYPES = YES;
				CLANG_WARN_SUSPICIOUS_MOVE = YES;
				CLANG_WARN_UNGUARDED_AVAILABILITY = YES_AGGRESSIVE;
				CLANG_WARN_UNREACHABLE_CODE = YES;
				CLANG_WARN__DUPLICATE_METHOD_MATCH = YES;
				COPY_PHASE_STRIP = NO;
				DEBUG_INFORMATION_FORMAT = dwarf;
				ENABLE_STRICT_OBJC_MSGSEND = YES;
				ENABLE_TESTABILITY = YES;
				GCC_C_LANGUAGE_STANDARD = gnu11;
				GCC_DYNAMIC_NO_PIC = NO;
				GCC_NO_COMMON_BLOCKS = YES;
				GCC_OPTIMIZATION_LEVEL = 0;
				GCC_PREPROCESSOR_DEFINITIONS = (
					"DEBUG=1",
					"$(inherited)",
				);
				GCC_WARN_64_TO_32_BIT_CONVERSION = YES;
				GCC_WARN_ABOUT_RETURN_TYPE = YES_ERROR;
				GCC_WARN_UNDECLARED_SELECTOR = YES;
				GCC_WARN_UNINITIALIZED_AUTOS = YES_AGGRESSIVE;
				GCC_WARN_UNUSED_FUNCTION = YES;
				GCC_WARN_UNUSED_VARIABLE = YES;
				IPHONEOS_DEPLOYMENT_TARGET = 16.0;
				MTL_ENABLE_DEBUG_INFO = INCLUDE_SOURCE;
				MTL_FAST_MATH = YES;
				ONLY_ACTIVE_ARCH = YES;
				SDKROOT = iphoneos;
				SWIFT_ACTIVE_COMPILATION_CONDITIONS = DEBUG;
				SWIFT_OPTIMIZATION_LEVEL = "-Onone";
			};
			name = Debug;
		};
		21B8963F28F03527000544F6 /* Release */ = {
			isa = XCBuildConfiguration;
			buildSettings = {
				ALWAYS_SEARCH_USER_PATHS = NO;
				CLANG_ANALYZER_NONNULL = YES;
				CLANG_ANALYZER_NUMBER_OBJECT_CONVERSION = YES_AGGRESSIVE;
				CLANG_CXX_LANGUAGE_STANDARD = "gnu++20";
				CLANG_ENABLE_MODULES = YES;
				CLANG_ENABLE_OBJC_ARC = YES;
				CLANG_ENABLE_OBJC_WEAK = YES;
				CLANG_WARN_BLOCK_CAPTURE_AUTORELEASING = YES;
				CLANG_WARN_BOOL_CONVERSION = YES;
				CLANG_WARN_COMMA = YES;
				CLANG_WARN_CONSTANT_CONVERSION = YES;
				CLANG_WARN_DEPRECATED_OBJC_IMPLEMENTATIONS = YES;
				CLANG_WARN_DIRECT_OBJC_ISA_USAGE = YES_ERROR;
				CLANG_WARN_DOCUMENTATION_COMMENTS = YES;
				CLANG_WARN_EMPTY_BODY = YES;
				CLANG_WARN_ENUM_CONVERSION = YES;
				CLANG_WARN_INFINITE_RECURSION = YES;
				CLANG_WARN_INT_CONVERSION = YES;
				CLANG_WARN_NON_LITERAL_NULL_CONVERSION = YES;
				CLANG_WARN_OBJC_IMPLICIT_RETAIN_SELF = YES;
				CLANG_WARN_OBJC_LITERAL_CONVERSION = YES;
				CLANG_WARN_OBJC_ROOT_CLASS = YES_ERROR;
				CLANG_WARN_QUOTED_INCLUDE_IN_FRAMEWORK_HEADER = YES;
				CLANG_WARN_RANGE_LOOP_ANALYSIS = YES;
				CLANG_WARN_STRICT_PROTOTYPES = YES;
				CLANG_WARN_SUSPICIOUS_MOVE = YES;
				CLANG_WARN_UNGUARDED_AVAILABILITY = YES_AGGRESSIVE;
				CLANG_WARN_UNREACHABLE_CODE = YES;
				CLANG_WARN__DUPLICATE_METHOD_MATCH = YES;
				COPY_PHASE_STRIP = NO;
				DEBUG_INFORMATION_FORMAT = "dwarf-with-dsym";
				ENABLE_NS_ASSERTIONS = NO;
				ENABLE_STRICT_OBJC_MSGSEND = YES;
				GCC_C_LANGUAGE_STANDARD = gnu11;
				GCC_NO_COMMON_BLOCKS = YES;
				GCC_WARN_64_TO_32_BIT_CONVERSION = YES;
				GCC_WARN_ABOUT_RETURN_TYPE = YES_ERROR;
				GCC_WARN_UNDECLARED_SELECTOR = YES;
				GCC_WARN_UNINITIALIZED_AUTOS = YES_AGGRESSIVE;
				GCC_WARN_UNUSED_FUNCTION = YES;
				GCC_WARN_UNUSED_VARIABLE = YES;
				IPHONEOS_DEPLOYMENT_TARGET = 16.0;
				MTL_ENABLE_DEBUG_INFO = NO;
				MTL_FAST_MATH = YES;
				SDKROOT = iphoneos;
				SWIFT_COMPILATION_MODE = wholemodule;
				SWIFT_OPTIMIZATION_LEVEL = "-O";
				VALIDATE_PRODUCT = YES;
			};
			name = Release;
		};
		21B8964128F03527000544F6 /* Debug */ = {
			isa = XCBuildConfiguration;
			buildSettings = {
				ASSETCATALOG_COMPILER_APPICON_NAME = AppIcon;
				ASSETCATALOG_COMPILER_GLOBAL_ACCENT_COLOR_NAME = AccentColor;
				CODE_SIGN_STYLE = Automatic;
				CURRENT_PROJECT_VERSION = 1;
				GENERATE_INFOPLIST_FILE = YES;
				INFOPLIST_FILE = Odev6/Info.plist;
				INFOPLIST_KEY_UIApplicationSupportsIndirectInputEvents = YES;
				INFOPLIST_KEY_UILaunchStoryboardName = LaunchScreen;
				INFOPLIST_KEY_UIMainStoryboardFile = Main;
				INFOPLIST_KEY_UISupportedInterfaceOrientations_iPad = "UIInterfaceOrientationPortrait UIInterfaceOrientationPortraitUpsideDown UIInterfaceOrientationLandscapeLeft UIInterfaceOrientationLandscapeRight";
				INFOPLIST_KEY_UISupportedInterfaceOrientations_iPhone = "UIInterfaceOrientationPortrait UIInterfaceOrientationLandscapeLeft UIInterfaceOrientationLandscapeRight";
				LD_RUNPATH_SEARCH_PATHS = (
					"$(inherited)",
					"@executable_path/Frameworks",
				);
				MARKETING_VERSION = 1.0;
				PRODUCT_BUNDLE_IDENTIFIER = com.mzyavuz.info.Odev6;
				PRODUCT_NAME = "$(TARGET_NAME)";
				SWIFT_EMIT_LOC_STRINGS = YES;
				SWIFT_VERSION = 5.0;
				TARGETED_DEVICE_FAMILY = "1,2";
			};
			name = Debug;
		};
		21B8964228F03527000544F6 /* Release */ = {
			isa = XCBuildConfiguration;
			buildSettings = {
				ASSETCATALOG_COMPILER_APPICON_NAME = AppIcon;
				ASSETCATALOG_COMPILER_GLOBAL_ACCENT_COLOR_NAME = AccentColor;
				CODE_SIGN_STYLE = Automatic;
				CURRENT_PROJECT_VERSION = 1;
				GENERATE_INFOPLIST_FILE = YES;
				INFOPLIST_FILE = Odev6/Info.plist;
				INFOPLIST_KEY_UIApplicationSupportsIndirectInputEvents = YES;
				INFOPLIST_KEY_UILaunchStoryboardName = LaunchScreen;
				INFOPLIST_KEY_UIMainStoryboardFile = Main;
				INFOPLIST_KEY_UISupportedInterfaceOrientations_iPad = "UIInterfaceOrientationPortrait UIInterfaceOrientationPortraitUpsideDown UIInterfaceOrientationLandscapeLeft UIInterfaceOrientationLandscapeRight";
				INFOPLIST_KEY_UISupportedInterfaceOrientations_iPhone = "UIInterfaceOrientationPortrait UIInterfaceOrientationLandscapeLeft UIInterfaceOrientationLandscapeRight";
				LD_RUNPATH_SEARCH_PATHS = (
					"$(inherited)",
					"@executable_path/Frameworks",
				);
				MARKETING_VERSION = 1.0;
				PRODUCT_BUNDLE_IDENTIFIER = com.mzyavuz.info.Odev6;
				PRODUCT_NAME = "$(TARGET_NAME)";
				SWIFT_EMIT_LOC_STRINGS = YES;
				SWIFT_VERSION = 5.0;
				TARGETED_DEVICE_FAMILY = "1,2";
			};
			name = Release;
		};
/* End XCBuildConfiguration section */

/* Begin XCConfigurationList section */
		21B8962728F03526000544F6 /* Build configuration list for PBXProject "Odev6" */ = {
			isa = XCConfigurationList;
			buildConfigurations = (
				21B8963E28F03527000544F6 /* Debug */,
				21B8963F28F03527000544F6 /* Release */,
			);
			defaultConfigurationIsVisible = 0;
			defaultConfigurationName = Release;
		};
		21B8964028F03527000544F6 /* Build configuration list for PBXNativeTarget "Odev6" */ = {
			isa = XCConfigurationList;
			buildConfigurations = (
				21B8964128F03527000544F6 /* Debug */,
				21B8964228F03527000544F6 /* Release */,
			);
			defaultConfigurationIsVisible = 0;
			defaultConfigurationName = Release;
		};
/* End XCConfigurationList section */
	};
	rootObject = 21B8962428F03526000544F6 /* Project object */;
}
